
Microsoft Visual Studio Solution File, Format Version 12.00
# Visual Studio Version 16
VisualStudioVersion = 16.0.31313.79
MinimumVisualStudioVersion = 10.0.40219.1
Project("{FAE04EC0-301F-11D3-BF4B-00C04F79EFBC}") = "Schach2", "Schach2\Schach2.csproj", "{11BC094F-B37D-4B75-BEC1-D0FD70A93C55}"
EndProject
Global
	GlobalSection(SolutionConfigurationPlatforms) = preSolution
		Debug|Any CPU = Debug|Any CPU
		Release|Any CPU = Release|Any CPU
	EndGlobalSection
	GlobalSection(ProjectConfigurationPlatforms) = postSolution
		{11BC094F-B37D-4B75-BEC1-D0FD70A93C55}.Debug|Any CPU.ActiveCfg = Debug|Any CPU
		{11BC094F-B37D-4B75-BEC1-D0FD70A93C55}.Debug|Any CPU.Build.0 = Debug|Any CPU
		{11BC094F-B37D-4B75-BEC1-D0FD70A93C55}.Release|Any CPU.ActiveCfg = Release|Any CPU
		{11BC094F-B37D-4B75-BEC1-D0FD70A93C55}.Release|Any CPU.Build.0 = Release|Any CPU
	EndGlobalSection
	GlobalSection(SolutionProperties) = preSolution
		HideSolutionNode = FALSE
	EndGlobalSection
	GlobalSection(ExtensibilityGlobals) = postSolution
		SolutionGuid = {C146B4C6-2057-487D-A1C1-3CB53D35A6CA}
	EndGlobalSection
EndGlobal
